
Microsoft Visual Studio Solution File, Format Version 12.00
# Visual Studio Version 16
VisualStudioVersion = 16.0.29926.136
MinimumVisualStudioVersion = 10.0.40219.1
Project("{FAE04EC0-301F-11D3-BF4B-00C04F79EFBC}") = "ARM", "ARM\ARM.csproj", "{C21E4F9E-5861-4739-8B26-6B6D21F82AC3}"
EndProject
Global
	GlobalSection(SolutionConfigurationPlatforms) = preSolution
		Debug|Any CPU = Debug|Any CPU
		Release|Any CPU = Release|Any CPU
	EndGlobalSection
	GlobalSection(ProjectConfigurationPlatforms) = postSolution
		{C21E4F9E-5861-4739-8B26-6B6D21F82AC3}.Debug|Any CPU.ActiveCfg = Debug|Any CPU
		{C21E4F9E-5861-4739-8B26-6B6D21F82AC3}.Debug|Any CPU.Build.0 = Debug|Any CPU
		{C21E4F9E-5861-4739-8B26-6B6D21F82AC3}.Release|Any CPU.ActiveCfg = Release|Any CPU
		{C21E4F9E-5861-4739-8B26-6B6D21F82AC3}.Release|Any CPU.Build.0 = Release|Any CPU
	EndGlobalSection
	GlobalSection(SolutionProperties) = preSolution
		HideSolutionNode = FALSE
	EndGlobalSection
	GlobalSection(ExtensibilityGlobals) = postSolution
		SolutionGuid = {54512141-61DC-4A9C-AED1-97D58F9AFDFA}
	EndGlobalSection
EndGlobal
